
Microsoft Visual Studio Solution File, Format Version 12.00
# Visual Studio Version 17
VisualStudioVersion = 17.3.32819.101
MinimumVisualStudioVersion = 10.0.40219.1
Project("{FAE04EC0-301F-11D3-BF4B-00C04F79EFBC}") = "AzureAD.Web", "AzureAD.Web\AzureAD.Web.csproj", "{9E19E8E6-BF18-492A-8F61-94F145C80B13}"
EndProject
Global
	GlobalSection(SolutionConfigurationPlatforms) = preSolution
		Debug|Any CPU = Debug|Any CPU
		Release|Any CPU = Release|Any CPU
	EndGlobalSection
	GlobalSection(ProjectConfigurationPlatforms) = postSolution
		{9E19E8E6-BF18-492A-8F61-94F145C80B13}.Debug|Any CPU.ActiveCfg = Debug|Any CPU
		{9E19E8E6-BF18-492A-8F61-94F145C80B13}.Debug|Any CPU.Build.0 = Debug|Any CPU
		{9E19E8E6-BF18-492A-8F61-94F145C80B13}.Release|Any CPU.ActiveCfg = Release|Any CPU
		{9E19E8E6-BF18-492A-8F61-94F145C80B13}.Release|Any CPU.Build.0 = Release|Any CPU
	EndGlobalSection
	GlobalSection(SolutionProperties) = preSolution
		HideSolutionNode = FALSE
	EndGlobalSection
	GlobalSection(ExtensibilityGlobals) = postSolution
		SolutionGuid = {CCF31069-88CC-4A15-8830-1866C6F732E4}
	EndGlobalSection
EndGlobal
